
Microsoft Visual Studio Solution File, Format Version 12.00
# Visual Studio 15
VisualStudioVersion = 15.0.27703.2035
MinimumVisualStudioVersion = 10.0.40219.1
Project("{2150E333-8FDC-42A3-9474-1A3956D46DE8}") = "Unit02", "Unit02", "{0B497467-C79D-44F1-BAA4-08D837F2313A}"
EndProject
Project("{2150E333-8FDC-42A3-9474-1A3956D46DE8}") = "Unit01", "Unit01", "{D4CC16A8-FB73-4C44-95AE-731E15ECF334}"
EndProject
Project("{2150E333-8FDC-42A3-9474-1A3956D46DE8}") = "Unit03", "Unit03", "{AA968B74-0FFA-4FBE-AEBD-5B2D2334F24E}"
EndProject
Project("{8BC9CEB8-8B4A-11D0-8D11-00A0C91BC942}") = "CompilerVersion", "Unit01\CompilerVersion\CompilerVersion.vcxproj", "{69F4AA76-9466-4E7D-B0F9-7CABC4E431D6}"
EndProject
Project("{8BC9CEB8-8B4A-11D0-8D11-00A0C91BC942}") = "AloheWorld", "Unit02\AloheWorld\AloheWorld.vcxproj", "{AD93FFF4-4457-4949-8B04-0B59867E3959}"
EndProject
Project("{8BC9CEB8-8B4A-11D0-8D11-00A0C91BC942}") = "PassByValue", "Unit03\PassByValue\PassByValue.vcxproj", "{2001EAD7-5DF7-47DB-A3DD-5C435CA6A028}"
EndProject
Project("{8BC9CEB8-8B4A-11D0-8D11-00A0C91BC942}") = "PassByPointer", "Unit03\PassByPointer\PassByPointer.vcxproj", "{6778BE8B-3F90-4361-A189-7331732A3B13}"
EndProject
Project("{8BC9CEB8-8B4A-11D0-8D11-00A0C91BC942}") = "PassByReference", "Unit03\PassByReference\PassByReference.vcxproj", "{90338B0E-68D8-4E73-80C5-258D49EE65DB}"
EndProject
Project("{8BC9CEB8-8B4A-11D0-8D11-00A0C91BC942}") = "Reference", "Unit03\Reference\Unit3.vcxproj", "{94E37AEA-A31E-4240-A786-A92C5CD1861C}"
EndProject
Project("{8BC9CEB8-8B4A-11D0-8D11-00A0C91BC942}") = "TestReferenceVariable", "Unit03\TestReferenceVariable\TestRefereneceVariable.vcxproj", "{771E997D-7C7D-45B8-A8E8-3D8A397189C0}"
EndProject
Project("{8BC9CEB8-8B4A-11D0-8D11-00A0C91BC942}") = "TestDataType", "Unit03\TestDataType\TestDataType.vcxproj", "{D8A345AE-0088-4582-B5BA-4802B514E955}"
EndProject
Project("{8BC9CEB8-8B4A-11D0-8D11-00A0C91BC942}") = "TestNewDelete", "Unit03\TestNewDelete\TestNewDelete.vcxproj", "{8A351544-82F8-429D-8768-A1D07173603F}"
EndProject
Project("{8BC9CEB8-8B4A-11D0-8D11-00A0C91BC942}") = "TestAuto", "Unit03\TestAuto\TestAuto.vcxproj", "{028CE01B-3E68-4B72-A29D-D2E05FAE6F9D}"
EndProject
Project("{8BC9CEB8-8B4A-11D0-8D11-00A0C91BC942}") = "TestConstantPointer", "Unit03\TestConstantPointer\TestConstantPointer.vcxproj", "{0349B199-7D9C-4C23-A40F-87FEB8E34979}"
EndProject
Project("{8BC9CEB8-8B4A-11D0-8D11-00A0C91BC942}") = "TestSpecialFunctions", "Unit03\TestSpecialFunctions\TestSpecialFunctions.vcxproj", "{B91AEC50-F94C-4793-A560-1E9F9ECA4538}"
EndProject
Project("{2150E333-8FDC-42A3-9474-1A3956D46DE8}") = "Unit04", "Unit04", "{5E93AE5B-0F04-493F-83B0-37062BF60616}"
EndProject
Project("{8BC9CEB8-8B4A-11D0-8D11-00A0C91BC942}") = "TestClass", "Unit04\TestClass\TestClass.vcxproj", "{9ECECFDE-6899-4906-B96F-DCB68AA21483}"
EndProject
Project("{8BC9CEB8-8B4A-11D0-8D11-00A0C91BC942}") = "AnonymousObject", "Unit04\AnonymousObject\AnonymousObject.vcxproj", "{9F30A1DF-A199-4977-A878-D76C85DC2764}"
EndProject
Project("{8BC9CEB8-8B4A-11D0-8D11-00A0C91BC942}") = "TestObjectCopy", "Unit04\TestObjectCopy\TestObjectCopy.vcxproj", "{324E5C42-4BED-453D-B3D1-FC15AAC09C8C}"
EndProject
Project("{8BC9CEB8-8B4A-11D0-8D11-00A0C91BC942}") = "DeclAndImSeparate", "Unit04\DeclAndImSeparate\DeclAndImSeparate.vcxproj", "{33432E2B-2098-410F-B9F1-20FA27F49CEE}"
EndProject
Project("{8BC9CEB8-8B4A-11D0-8D11-00A0C91BC942}") = "TestObjectPointer", "Unit04\TestObjectPointer\TestObjectPointer.vcxproj", "{1215D4B1-D59F-45EB-AF4F-107EC747F159}"
EndProject
Project("{8BC9CEB8-8B4A-11D0-8D11-00A0C91BC942}") = "TotalArea", "Unit04\TotalArea\TotalArea.vcxproj", "{C73EA887-AB14-4BF3-BC2D-72B4FA5D3BE4}"
EndProject
Project("{8BC9CEB8-8B4A-11D0-8D11-00A0C91BC942}") = "ObjectAsArguments", "Unit04\ObjectAsArguments\ObjectAsArguments.vcxproj", "{9ED18038-A4E1-484E-AD2F-EF36E710A164}"
EndProject
Project("{8BC9CEB8-8B4A-11D0-8D11-00A0C91BC942}") = "ObjectAsReturnValue", "Unit04\ObjectAsReturnValue\ObjectAsReturnValue.vcxproj", "{6538FA6D-B30D-481D-B6DD-485A5E18FAE2}"
EndProject
Project("{8BC9CEB8-8B4A-11D0-8D11-00A0C91BC942}") = "InClassInitializer", "Unit04\InClassInitializer\InClassInitializer.vcxproj", "{F1F1E9C4-715E-4891-940C-A00F8B855767}"
EndProject
Project("{8BC9CEB8-8B4A-11D0-8D11-00A0C91BC942}") = "DefaultConstructor", "Unit04\DefaultConstructor\DefaultConstructor.vcxproj", "{B683119C-7A70-4838-B24D-A4A2FCDD4133}"
EndProject
Global
	GlobalSection(SolutionConfigurationPlatforms) = preSolution
		Debug|x64 = Debug|x64
		Debug|x86 = Debug|x86
		Release|x64 = Release|x64
		Release|x86 = Release|x86
	EndGlobalSection
	GlobalSection(ProjectConfigurationPlatforms) = postSolution
		{69F4AA76-9466-4E7D-B0F9-7CABC4E431D6}.Debug|x64.ActiveCfg = Debug|x64
		{69F4AA76-9466-4E7D-B0F9-7CABC4E431D6}.Debug|x64.Build.0 = Debug|x64
		{69F4AA76-9466-4E7D-B0F9-7CABC4E431D6}.Debug|x86.ActiveCfg = Debug|Win32
		{69F4AA76-9466-4E7D-B0F9-7CABC4E431D6}.Debug|x86.Build.0 = Debug|Win32
		{69F4AA76-9466-4E7D-B0F9-7CABC4E431D6}.Release|x64.ActiveCfg = Release|x64
		{69F4AA76-9466-4E7D-B0F9-7CABC4E431D6}.Release|x64.Build.0 = Release|x64
		{69F4AA76-9466-4E7D-B0F9-7CABC4E431D6}.Release|x86.ActiveCfg = Release|Win32
		{69F4AA76-9466-4E7D-B0F9-7CABC4E431D6}.Release|x86.Build.0 = Release|Win32
		{AD93FFF4-4457-4949-8B04-0B59867E3959}.Debug|x64.ActiveCfg = Debug|x64
		{AD93FFF4-4457-4949-8B04-0B59867E3959}.Debug|x64.Build.0 = Debug|x64
		{AD93FFF4-4457-4949-8B04-0B59867E3959}.Debug|x86.ActiveCfg = Debug|Win32
		{AD93FFF4-4457-4949-8B04-0B59867E3959}.Debug|x86.Build.0 = Debug|Win32
		{AD93FFF4-4457-4949-8B04-0B59867E3959}.Release|x64.ActiveCfg = Release|x64
		{AD93FFF4-4457-4949-8B04-0B59867E3959}.Release|x64.Build.0 = Release|x64
		{AD93FFF4-4457-4949-8B04-0B59867E3959}.Release|x86.ActiveCfg = Release|Win32
		{AD93FFF4-4457-4949-8B04-0B59867E3959}.Release|x86.Build.0 = Release|Win32
		{2001EAD7-5DF7-47DB-A3DD-5C435CA6A028}.Debug|x64.ActiveCfg = Debug|x64
		{2001EAD7-5DF7-47DB-A3DD-5C435CA6A028}.Debug|x64.Build.0 = Debug|x64
		{2001EAD7-5DF7-47DB-A3DD-5C435CA6A028}.Debug|x86.ActiveCfg = Debug|Win32
		{2001EAD7-5DF7-47DB-A3DD-5C435CA6A028}.Debug|x86.Build.0 = Debug|Win32
		{2001EAD7-5DF7-47DB-A3DD-5C435CA6A028}.Release|x64.ActiveCfg = Release|x64
		{2001EAD7-5DF7-47DB-A3DD-5C435CA6A028}.Release|x64.Build.0 = Release|x64
		{2001EAD7-5DF7-47DB-A3DD-5C435CA6A028}.Release|x86.ActiveCfg = Release|Win32
		{2001EAD7-5DF7-47DB-A3DD-5C435CA6A028}.Release|x86.Build.0 = Release|Win32
		{6778BE8B-3F90-4361-A189-7331732A3B13}.Debug|x64.ActiveCfg = Debug|x64
		{6778BE8B-3F90-4361-A189-7331732A3B13}.Debug|x64.Build.0 = Debug|x64
		{6778BE8B-3F90-4361-A189-7331732A3B13}.Debug|x86.ActiveCfg = Debug|Win32
		{6778BE8B-3F90-4361-A189-7331732A3B13}.Debug|x86.Build.0 = Debug|Win32
		{6778BE8B-3F90-4361-A189-7331732A3B13}.Release|x64.ActiveCfg = Release|x64
		{6778BE8B-3F90-4361-A189-7331732A3B13}.Release|x64.Build.0 = Release|x64
		{6778BE8B-3F90-4361-A189-7331732A3B13}.Release|x86.ActiveCfg = Release|Win32
		{6778BE8B-3F90-4361-A189-7331732A3B13}.Release|x86.Build.0 = Release|Win32
		{90338B0E-68D8-4E73-80C5-258D49EE65DB}.Debug|x64.ActiveCfg = Debug|x64
		{90338B0E-68D8-4E73-80C5-258D49EE65DB}.Debug|x64.Build.0 = Debug|x64
		{90338B0E-68D8-4E73-80C5-258D49EE65DB}.Debug|x86.ActiveCfg = Debug|Win32
		{90338B0E-68D8-4E73-80C5-258D49EE65DB}.Debug|x86.Build.0 = Debug|Win32
		{90338B0E-68D8-4E73-80C5-258D49EE65DB}.Release|x64.ActiveCfg = Release|x64
		{90338B0E-68D8-4E73-80C5-258D49EE65DB}.Release|x64.Build.0 = Release|x64
		{90338B0E-68D8-4E73-80C5-258D49EE65DB}.Release|x86.ActiveCfg = Release|Win32
		{90338B0E-68D8-4E73-80C5-258D49EE65DB}.Release|x86.Build.0 = Release|Win32
		{94E37AEA-A31E-4240-A786-A92C5CD1861C}.Debug|x64.ActiveCfg = Debug|x64
		{94E37AEA-A31E-4240-A786-A92C5CD1861C}.Debug|x64.Build.0 = Debug|x64
		{94E37AEA-A31E-4240-A786-A92C5CD1861C}.Debug|x86.ActiveCfg = Debug|Win32
		{94E37AEA-A31E-4240-A786-A92C5CD1861C}.Debug|x86.Build.0 = Debug|Win32
		{94E37AEA-A31E-4240-A786-A92C5CD1861C}.Release|x64.ActiveCfg = Release|x64
		{94E37AEA-A31E-4240-A786-A92C5CD1861C}.Release|x64.Build.0 = Release|x64
		{94E37AEA-A31E-4240-A786-A92C5CD1861C}.Release|x86.ActiveCfg = Release|Win32
		{94E37AEA-A31E-4240-A786-A92C5CD1861C}.Release|x86.Build.0 = Release|Win32
		{771E997D-7C7D-45B8-A8E8-3D8A397189C0}.Debug|x64.ActiveCfg = Debug|x64
		{771E997D-7C7D-45B8-A8E8-3D8A397189C0}.Debug|x64.Build.0 = Debug|x64
		{771E997D-7C7D-45B8-A8E8-3D8A397189C0}.Debug|x86.ActiveCfg = Debug|Win32
		{771E997D-7C7D-45B8-A8E8-3D8A397189C0}.Debug|x86.Build.0 = Debug|Win32
		{771E997D-7C7D-45B8-A8E8-3D8A397189C0}.Release|x64.ActiveCfg = Release|x64
		{771E997D-7C7D-45B8-A8E8-3D8A397189C0}.Release|x64.Build.0 = Release|x64
		{771E997D-7C7D-45B8-A8E8-3D8A397189C0}.Release|x86.ActiveCfg = Release|Win32
		{771E997D-7C7D-45B8-A8E8-3D8A397189C0}.Release|x86.Build.0 = Release|Win32
		{D8A345AE-0088-4582-B5BA-4802B514E955}.Debug|x64.ActiveCfg = Debug|x64
		{D8A345AE-0088-4582-B5BA-4802B514E955}.Debug|x64.Build.0 = Debug|x64
		{D8A345AE-0088-4582-B5BA-4802B514E955}.Debug|x86.ActiveCfg = Debug|Win32
		{D8A345AE-0088-4582-B5BA-4802B514E955}.Debug|x86.Build.0 = Debug|Win32
		{D8A345AE-0088-4582-B5BA-4802B514E955}.Release|x64.ActiveCfg = Release|x64
		{D8A345AE-0088-4582-B5BA-4802B514E955}.Release|x64.Build.0 = Release|x64
		{D8A345AE-0088-4582-B5BA-4802B514E955}.Release|x86.ActiveCfg = Release|Win32
		{D8A345AE-0088-4582-B5BA-4802B514E955}.Release|x86.Build.0 = Release|Win32
		{8A351544-82F8-429D-8768-A1D07173603F}.Debug|x64.ActiveCfg = Debug|x64
		{8A351544-82F8-429D-8768-A1D07173603F}.Debug|x64.Build.0 = Debug|x64
		{8A351544-82F8-429D-8768-A1D07173603F}.Debug|x86.ActiveCfg = Debug|Win32
		{8A351544-82F8-429D-8768-A1D07173603F}.Debug|x86.Build.0 = Debug|Win32
		{8A351544-82F8-429D-8768-A1D07173603F}.Release|x64.ActiveCfg = Release|x64
		{8A351544-82F8-429D-8768-A1D07173603F}.Release|x64.Build.0 = Release|x64
		{8A351544-82F8-429D-8768-A1D07173603F}.Release|x86.ActiveCfg = Release|Win32
		{8A351544-82F8-429D-8768-A1D07173603F}.Release|x86.Build.0 = Release|Win32
		{028CE01B-3E68-4B72-A29D-D2E05FAE6F9D}.Debug|x64.ActiveCfg = Debug|x64
		{028CE01B-3E68-4B72-A29D-D2E05FAE6F9D}.Debug|x64.Build.0 = Debug|x64
		{028CE01B-3E68-4B72-A29D-D2E05FAE6F9D}.Debug|x86.ActiveCfg = Debug|Win32
		{028CE01B-3E68-4B72-A29D-D2E05FAE6F9D}.Debug|x86.Build.0 = Debug|Win32
		{028CE01B-3E68-4B72-A29D-D2E05FAE6F9D}.Release|x64.ActiveCfg = Release|x64
		{028CE01B-3E68-4B72-A29D-D2E05FAE6F9D}.Release|x64.Build.0 = Release|x64
		{028CE01B-3E68-4B72-A29D-D2E05FAE6F9D}.Release|x86.ActiveCfg = Release|Win32
		{028CE01B-3E68-4B72-A29D-D2E05FAE6F9D}.Release|x86.Build.0 = Release|Win32
		{0349B199-7D9C-4C23-A40F-87FEB8E34979}.Debug|x64.ActiveCfg = Debug|x64
		{0349B199-7D9C-4C23-A40F-87FEB8E34979}.Debug|x64.Build.0 = Debug|x64
		{0349B199-7D9C-4C23-A40F-87FEB8E34979}.Debug|x86.ActiveCfg = Debug|Win32
		{0349B199-7D9C-4C23-A40F-87FEB8E34979}.Debug|x86.Build.0 = Debug|Win32
		{0349B199-7D9C-4C23-A40F-87FEB8E34979}.Release|x64.ActiveCfg = Release|x64
		{0349B199-7D9C-4C23-A40F-87FEB8E34979}.Release|x64.Build.0 = Release|x64
		{0349B199-7D9C-4C23-A40F-87FEB8E34979}.Release|x86.ActiveCfg = Release|Win32
		{0349B199-7D9C-4C23-A40F-87FEB8E34979}.Release|x86.Build.0 = Release|Win32
		{B91AEC50-F94C-4793-A560-1E9F9ECA4538}.Debug|x64.ActiveCfg = Debug|x64
		{B91AEC50-F94C-4793-A560-1E9F9ECA4538}.Debug|x64.Build.0 = Debug|x64
		{B91AEC50-F94C-4793-A560-1E9F9ECA4538}.Debug|x86.ActiveCfg = Debug|Win32
		{B91AEC50-F94C-4793-A560-1E9F9ECA4538}.Debug|x86.Build.0 = Debug|Win32
		{B91AEC50-F94C-4793-A560-1E9F9ECA4538}.Release|x64.ActiveCfg = Release|x64
		{B91AEC50-F94C-4793-A560-1E9F9ECA4538}.Release|x64.Build.0 = Release|x64
		{B91AEC50-F94C-4793-A560-1E9F9ECA4538}.Release|x86.ActiveCfg = Release|Win32
		{B91AEC50-F94C-4793-A560-1E9F9ECA4538}.Release|x86.Build.0 = Release|Win32
		{9ECECFDE-6899-4906-B96F-DCB68AA21483}.Debug|x64.ActiveCfg = Debug|x64
		{9ECECFDE-6899-4906-B96F-DCB68AA21483}.Debug|x64.Build.0 = Debug|x64
		{9ECECFDE-6899-4906-B96F-DCB68AA21483}.Debug|x86.ActiveCfg = Debug|Win32
		{9ECECFDE-6899-4906-B96F-DCB68AA21483}.Debug|x86.Build.0 = Debug|Win32
		{9ECECFDE-6899-4906-B96F-DCB68AA21483}.Release|x64.ActiveCfg = Release|x64
		{9ECECFDE-6899-4906-B96F-DCB68AA21483}.Release|x64.Build.0 = Release|x64
		{9ECECFDE-6899-4906-B96F-DCB68AA21483}.Release|x86.ActiveCfg = Release|Win32
		{9ECECFDE-6899-4906-B96F-DCB68AA21483}.Release|x86.Build.0 = Release|Win32
		{9F30A1DF-A199-4977-A878-D76C85DC2764}.Debug|x64.ActiveCfg = Debug|x64
		{9F30A1DF-A199-4977-A878-D76C85DC2764}.Debug|x64.Build.0 = Debug|x64
		{9F30A1DF-A199-4977-A878-D76C85DC2764}.Debug|x86.ActiveCfg = Debug|Win32
		{9F30A1DF-A199-4977-A878-D76C85DC2764}.Debug|x86.Build.0 = Debug|Win32
		{9F30A1DF-A199-4977-A878-D76C85DC2764}.Release|x64.ActiveCfg = Release|x64
		{9F30A1DF-A199-4977-A878-D76C85DC2764}.Release|x64.Build.0 = Release|x64
		{9F30A1DF-A199-4977-A878-D76C85DC2764}.Release|x86.ActiveCfg = Release|Win32
		{9F30A1DF-A199-4977-A878-D76C85DC2764}.Release|x86.Build.0 = Release|Win32
		{324E5C42-4BED-453D-B3D1-FC15AAC09C8C}.Debug|x64.ActiveCfg = Debug|x64
		{324E5C42-4BED-453D-B3D1-FC15AAC09C8C}.Debug|x64.Build.0 = Debug|x64
		{324E5C42-4BED-453D-B3D1-FC15AAC09C8C}.Debug|x86.ActiveCfg = Debug|Win32
		{324E5C42-4BED-453D-B3D1-FC15AAC09C8C}.Debug|x86.Build.0 = Debug|Win32
		{324E5C42-4BED-453D-B3D1-FC15AAC09C8C}.Release|x64.ActiveCfg = Release|x64
		{324E5C42-4BED-453D-B3D1-FC15AAC09C8C}.Release|x64.Build.0 = Release|x64
		{324E5C42-4BED-453D-B3D1-FC15AAC09C8C}.Release|x86.ActiveCfg = Release|Win32
		{324E5C42-4BED-453D-B3D1-FC15AAC09C8C}.Release|x86.Build.0 = Release|Win32
		{33432E2B-2098-410F-B9F1-20FA27F49CEE}.Debug|x64.ActiveCfg = Debug|x64
		{33432E2B-2098-410F-B9F1-20FA27F49CEE}.Debug|x64.Build.0 = Debug|x64
		{33432E2B-2098-410F-B9F1-20FA27F49CEE}.Debug|x86.ActiveCfg = Debug|Win32
		{33432E2B-2098-410F-B9F1-20FA27F49CEE}.Debug|x86.Build.0 = Debug|Win32
		{33432E2B-2098-410F-B9F1-20FA27F49CEE}.Release|x64.ActiveCfg = Release|x64
		{33432E2B-2098-410F-B9F1-20FA27F49CEE}.Release|x64.Build.0 = Release|x64
		{33432E2B-2098-410F-B9F1-20FA27F49CEE}.Release|x86.ActiveCfg = Release|Win32
		{33432E2B-2098-410F-B9F1-20FA27F49CEE}.Release|x86.Build.0 = Release|Win32
		{1215D4B1-D59F-45EB-AF4F-107EC747F159}.Debug|x64.ActiveCfg = Debug|x64
		{1215D4B1-D59F-45EB-AF4F-107EC747F159}.Debug|x64.Build.0 = Debug|x64
		{1215D4B1-D59F-45EB-AF4F-107EC747F159}.Debug|x86.ActiveCfg = Debug|Win32
		{1215D4B1-D59F-45EB-AF4F-107EC747F159}.Debug|x86.Build.0 = Debug|Win32
		{1215D4B1-D59F-45EB-AF4F-107EC747F159}.Release|x64.ActiveCfg = Release|x64
		{1215D4B1-D59F-45EB-AF4F-107EC747F159}.Release|x64.Build.0 = Release|x64
		{1215D4B1-D59F-45EB-AF4F-107EC747F159}.Release|x86.ActiveCfg = Release|Win32
		{1215D4B1-D59F-45EB-AF4F-107EC747F159}.Release|x86.Build.0 = Release|Win32
		{C73EA887-AB14-4BF3-BC2D-72B4FA5D3BE4}.Debug|x64.ActiveCfg = Debug|x64
		{C73EA887-AB14-4BF3-BC2D-72B4FA5D3BE4}.Debug|x64.Build.0 = Debug|x64
		{C73EA887-AB14-4BF3-BC2D-72B4FA5D3BE4}.Debug|x86.ActiveCfg = Debug|Win32
		{C73EA887-AB14-4BF3-BC2D-72B4FA5D3BE4}.Debug|x86.Build.0 = Debug|Win32
		{C73EA887-AB14-4BF3-BC2D-72B4FA5D3BE4}.Release|x64.ActiveCfg = Release|x64
		{C73EA887-AB14-4BF3-BC2D-72B4FA5D3BE4}.Release|x64.Build.0 = Release|x64
		{C73EA887-AB14-4BF3-BC2D-72B4FA5D3BE4}.Release|x86.ActiveCfg = Release|Win32
		{C73EA887-AB14-4BF3-BC2D-72B4FA5D3BE4}.Release|x86.Build.0 = Release|Win32
		{9ED18038-A4E1-484E-AD2F-EF36E710A164}.Debug|x64.ActiveCfg = Debug|x64
		{9ED18038-A4E1-484E-AD2F-EF36E710A164}.Debug|x64.Build.0 = Debug|x64
		{9ED18038-A4E1-484E-AD2F-EF36E710A164}.Debug|x86.ActiveCfg = Debug|Win32
		{9ED18038-A4E1-484E-AD2F-EF36E710A164}.Debug|x86.Build.0 = Debug|Win32
		{9ED18038-A4E1-484E-AD2F-EF36E710A164}.Release|x64.ActiveCfg = Release|x64
		{9ED18038-A4E1-484E-AD2F-EF36E710A164}.Release|x64.Build.0 = Release|x64
		{9ED18038-A4E1-484E-AD2F-EF36E710A164}.Release|x86.ActiveCfg = Release|Win32
		{9ED18038-A4E1-484E-AD2F-EF36E710A164}.Release|x86.Build.0 = Release|Win32
		{6538FA6D-B30D-481D-B6DD-485A5E18FAE2}.Debug|x64.ActiveCfg = Debug|x64
		{6538FA6D-B30D-481D-B6DD-485A5E18FAE2}.Debug|x64.Build.0 = Debug|x64
		{6538FA6D-B30D-481D-B6DD-485A5E18FAE2}.Debug|x86.ActiveCfg = Debug|Win32
		{6538FA6D-B30D-481D-B6DD-485A5E18FAE2}.Debug|x86.Build.0 = Debug|Win32
		{6538FA6D-B30D-481D-B6DD-485A5E18FAE2}.Release|x64.ActiveCfg = Release|x64
		{6538FA6D-B30D-481D-B6DD-485A5E18FAE2}.Release|x64.Build.0 = Release|x64
		{6538FA6D-B30D-481D-B6DD-485A5E18FAE2}.Release|x86.ActiveCfg = Release|Win32
		{6538FA6D-B30D-481D-B6DD-485A5E18FAE2}.Release|x86.Build.0 = Release|Win32
		{F1F1E9C4-715E-4891-940C-A00F8B855767}.Debug|x64.ActiveCfg = Debug|x64
		{F1F1E9C4-715E-4891-940C-A00F8B855767}.Debug|x64.Build.0 = Debug|x64
		{F1F1E9C4-715E-4891-940C-A00F8B855767}.Debug|x86.ActiveCfg = Debug|Win32
		{F1F1E9C4-715E-4891-940C-A00F8B855767}.Debug|x86.Build.0 = Debug|Win32
		{F1F1E9C4-715E-4891-940C-A00F8B855767}.Release|x64.ActiveCfg = Release|x64
		{F1F1E9C4-715E-4891-940C-A00F8B855767}.Release|x64.Build.0 = Release|x64
		{F1F1E9C4-715E-4891-940C-A00F8B855767}.Release|x86.ActiveCfg = Release|Win32
		{F1F1E9C4-715E-4891-940C-A00F8B855767}.Release|x86.Build.0 = Release|Win32
		{B683119C-7A70-4838-B24D-A4A2FCDD4133}.Debug|x64.ActiveCfg = Debug|x64
		{B683119C-7A70-4838-B24D-A4A2FCDD4133}.Debug|x64.Build.0 = Debug|x64
		{B683119C-7A70-4838-B24D-A4A2FCDD4133}.Debug|x86.ActiveCfg = Debug|Win32
		{B683119C-7A70-4838-B24D-A4A2FCDD4133}.Debug|x86.Build.0 = Debug|Win32
		{B683119C-7A70-4838-B24D-A4A2FCDD4133}.Release|x64.ActiveCfg = Release|x64
		{B683119C-7A70-4838-B24D-A4A2FCDD4133}.Release|x64.Build.0 = Release|x64
		{B683119C-7A70-4838-B24D-A4A2FCDD4133}.Release|x86.ActiveCfg = Release|Win32
		{B683119C-7A70-4838-B24D-A4A2FCDD4133}.Release|x86.Build.0 = Release|Win32
	EndGlobalSection
	GlobalSection(SolutionProperties) = preSolution
		HideSolutionNode = FALSE
	EndGlobalSection
	GlobalSection(NestedProjects) = preSolution
		{69F4AA76-9466-4E7D-B0F9-7CABC4E431D6} = {D4CC16A8-FB73-4C44-95AE-731E15ECF334}
		{AD93FFF4-4457-4949-8B04-0B59867E3959} = {0B497467-C79D-44F1-BAA4-08D837F2313A}
		{2001EAD7-5DF7-47DB-A3DD-5C435CA6A028} = {AA968B74-0FFA-4FBE-AEBD-5B2D2334F24E}
		{6778BE8B-3F90-4361-A189-7331732A3B13} = {AA968B74-0FFA-4FBE-AEBD-5B2D2334F24E}
		{90338B0E-68D8-4E73-80C5-258D49EE65DB} = {AA968B74-0FFA-4FBE-AEBD-5B2D2334F24E}
		{94E37AEA-A31E-4240-A786-A92C5CD1861C} = {AA968B74-0FFA-4FBE-AEBD-5B2D2334F24E}
		{771E997D-7C7D-45B8-A8E8-3D8A397189C0} = {AA968B74-0FFA-4FBE-AEBD-5B2D2334F24E}
		{D8A345AE-0088-4582-B5BA-4802B514E955} = {AA968B74-0FFA-4FBE-AEBD-5B2D2334F24E}
		{8A351544-82F8-429D-8768-A1D07173603F} = {AA968B74-0FFA-4FBE-AEBD-5B2D2334F24E}
		{028CE01B-3E68-4B72-A29D-D2E05FAE6F9D} = {AA968B74-0FFA-4FBE-AEBD-5B2D2334F24E}
		{0349B199-7D9C-4C23-A40F-87FEB8E34979} = {AA968B74-0FFA-4FBE-AEBD-5B2D2334F24E}
		{B91AEC50-F94C-4793-A560-1E9F9ECA4538} = {AA968B74-0FFA-4FBE-AEBD-5B2D2334F24E}
		{9ECECFDE-6899-4906-B96F-DCB68AA21483} = {5E93AE5B-0F04-493F-83B0-37062BF60616}
		{9F30A1DF-A199-4977-A878-D76C85DC2764} = {5E93AE5B-0F04-493F-83B0-37062BF60616}
		{324E5C42-4BED-453D-B3D1-FC15AAC09C8C} = {5E93AE5B-0F04-493F-83B0-37062BF60616}
		{33432E2B-2098-410F-B9F1-20FA27F49CEE} = {5E93AE5B-0F04-493F-83B0-37062BF60616}
		{1215D4B1-D59F-45EB-AF4F-107EC747F159} = {5E93AE5B-0F04-493F-83B0-37062BF60616}
		{C73EA887-AB14-4BF3-BC2D-72B4FA5D3BE4} = {5E93AE5B-0F04-493F-83B0-37062BF60616}
		{9ED18038-A4E1-484E-AD2F-EF36E710A164} = {5E93AE5B-0F04-493F-83B0-37062BF60616}
		{6538FA6D-B30D-481D-B6DD-485A5E18FAE2} = {5E93AE5B-0F04-493F-83B0-37062BF60616}
		{F1F1E9C4-715E-4891-940C-A00F8B855767} = {5E93AE5B-0F04-493F-83B0-37062BF60616}
		{B683119C-7A70-4838-B24D-A4A2FCDD4133} = {5E93AE5B-0F04-493F-83B0-37062BF60616}
	EndGlobalSection
	GlobalSection(ExtensibilityGlobals) = postSolution
		SolutionGuid = {69B0CF13-0DFD-4317-8B70-95B3118B606E}
	EndGlobalSection
EndGlobal
